<?xml version="1.0" encoding="utf-8"?>
<Project ToolsVersion="4.0" xmlns="http://schemas.microsoft.com/developer/msbuild/2003">
  <ItemGroup>
    <Filter Include="ソース ファイル">
      <UniqueIdentifier>{4FC737F1-C7A5-4376-A066-2A32D752A2FF}</UniqueIdentifier>
      <Extensions>cpp;c;cc;cxx;c++;cppm;ixx;def;odl;idl;hpj;bat;asm;asmx</Extensions>
    </Filter>
    <Filter Include="ヘッダー ファイル">
      <UniqueIdentifier>{93995380-89BD-4b04-88EB-625FBE52EBFB}</UniqueIdentifier>
      <Extensions>h;hh;hpp;hxx;h++;hm;inl;inc;ipp;xsd</Extensions>
    </Filter>
    <Filter Include="リソース ファイル">
      <UniqueIdentifier>{67DA6AB6-F800-4c08-8B7A-83BB121AAD01}</UniqueIdentifier>
      <Extensions>rc;ico;cur;bmp;dlg;rc2;rct;bin;rgs;gif;jpg;jpeg;jpe;resx;tiff;tif;png;wav;mfcribbon-ms</Extensions>
    </Filter>
    <Filter Include="third_party">
      <UniqueIdentifier>{0bedaeb0-806e-432e-8554-161d8b5dd50e}</UniqueIdentifier>
    </Filter>
    <Filter Include="shaders">
      <UniqueIdentifier>{bbea5507-b4b4-401a-8798-47873aa78fb0}</UniqueIdentifier>
    </Filter>
    <Filter Include="ソース ファイル\engine">
      <UniqueIdentifier>{1f44a1d1-0330-400e-8c2a-06e0b4a84892}</UniqueIdentifier>
    </Filter>
    <Filter Include="ソース ファイル\editor">
      <UniqueIdentifier>{c299c8c4-b0aa-4238-8119-e2b3242048f5}</UniqueIdentifier>
    </Filter>
    <Filter Include="ヘッダー ファイル\engine">
      <UniqueIdentifier>{7108f980-f92f-47c6-b40a-1a331a5f4c69}</UniqueIdentifier>
    </Filter>
    <Filter Include="ヘッダー ファイル\editor">
      <UniqueIdentifier>{1fbc7105-c6bb-4cb6-9fb6-abf5ec511d3d}</UniqueIdentifier>
    </Filter>
    <Filter Include="libs">
      <UniqueIdentifier>{8b8c44b4-9587-44d5-a4c1-e1d82367e736}</UniqueIdentifier>
    </Filter>
  </ItemGroup>
  <ItemGroup>
    <ClCompile Include="third_party\glad.c">
      <Filter>third_party</Filter>
    </ClCompile>
    <ClCompile Include="src\engine\BaseScene.cpp">
      <Filter>ソース ファイル\engine</Filter>
    </ClCompile>
    <ClCompile Include="src\engine\CollisionSystem.cpp">
      <Filter>ソース ファイル\engine</Filter>
    </ClCompile>
    <ClCompile Include="src\engine\Engine.cpp">
      <Filter>ソース ファイル\engine</Filter>
    </ClCompile>
    <ClCompile Include="src\engine\EntityManager.cpp">
      <Filter>ソース ファイル\engine</Filter>
    </ClCompile>
    <ClCompile Include="src\engine\Input.cpp">
      <Filter>ソース ファイル\engine</Filter>
    </ClCompile>
    <ClCompile Include="src\engine\InputAPI.cpp">
      <Filter>ソース ファイル\engine</Filter>
    </ClCompile>
    <ClCompile Include="src\engine\main.cpp">
      <Filter>ソース ファイル\engine</Filter>
    </ClCompile>
    <ClCompile Include="src\engine\Renderer2D.cpp">
      <Filter>ソース ファイル\engine</Filter>
    </ClCompile>
    <ClCompile Include="src\engine\RenderSystem.cpp">
      <Filter>ソース ファイル\engine</Filter>
    </ClCompile>
    <ClCompile Include="src\engine\SceneManager.cpp">
      <Filter>ソース ファイル\engine</Filter>
    </ClCompile>
    <ClCompile Include="src\engine\TextureManager.cpp">
      <Filter>ソース ファイル\engine</Filter>
    </ClCompile>
    <ClCompile Include="src\editor\CommandStack.cpp">
      <Filter>ソース ファイル\editor</Filter>
    </ClCompile>
    <ClCompile Include="src\editor\EditorScene.cpp">
      <Filter>ソース ファイル\editor</Filter>
    </ClCompile>
    <ClCompile Include="third_party\imgui\imgui.cpp">
      <Filter>third_party</Filter>
    </ClCompile>
    <ClCompile Include="third_party\imgui\imgui_draw.cpp">
      <Filter>third_party</Filter>
    </ClCompile>
    <ClCompile Include="third_party\imgui\imgui_impl_dx11.cpp">
      <Filter>third_party</Filter>
    </ClCompile>
    <ClCompile Include="third_party\imgui\imgui_impl_win32.cpp">
      <Filter>third_party</Filter>
    </ClCompile>
    <ClCompile Include="third_party\imgui\imgui_tables.cpp">
      <Filter>third_party</Filter>
    </ClCompile>
    <ClCompile Include="third_party\imgui\imgui_widgets.cpp">
      <Filter>third_party</Filter>
    </ClCompile>
  </ItemGroup>
  <ItemGroup>
    <ClInclude Include="third_party\glad\glad.h">
      <Filter>third_party</Filter>
    </ClInclude>
    <ClInclude Include="third_party\GLFW\glfw3.h">
      <Filter>third_party</Filter>
    </ClInclude>
    <ClInclude Include="third_party\GLFW\glfw3native.h">
      <Filter>third_party</Filter>
    </ClInclude>
    <ClInclude Include="third_party\KHR\khrplatform.h">
      <Filter>third_party</Filter>
    </ClInclude>
    <ClInclude Include="third_party\stb\stb_image.h">
      <Filter>third_party</Filter>
    </ClInclude>
    <ClInclude Include="include\engine\BaseScene.h">
      <Filter>ヘッダー ファイル\engine</Filter>
    </ClInclude>
    <ClInclude Include="include\engine\ColliderComp.h">
      <Filter>ヘッダー ファイル\engine</Filter>
    </ClInclude>
    <ClInclude Include="include\engine\CollisionSystem.h">
      <Filter>ヘッダー ファイル\engine</Filter>
    </ClInclude>
    <ClInclude Include="include\engine\Color.h">
      <Filter>ヘッダー ファイル\engine</Filter>
    </ClInclude>
    <ClInclude Include="include\engine\Component.h">
      <Filter>ヘッダー ファイル\engine</Filter>
    </ClInclude>
    <ClInclude Include="include\engine\Engine.h">
      <Filter>ヘッダー ファイル\engine</Filter>
    </ClInclude>
    <ClInclude Include="include\engine\EntityManager.h">
      <Filter>ヘッダー ファイル\engine</Filter>
    </ClInclude>
    <ClInclude Include="include\engine\GameObject.h">
      <Filter>ヘッダー ファイル\engine</Filter>
    </ClInclude>
    <ClInclude Include="include\engine\Input.h">
      <Filter>ヘッダー ファイル\engine</Filter>
    </ClInclude>
    <ClInclude Include="include\engine\InputAPI.h">
      <Filter>ヘッダー ファイル\engine</Filter>
    </ClInclude>
    <ClInclude Include="include\engine\IScene.h">
      <Filter>ヘッダー ファイル\engine</Filter>
    </ClInclude>
    <ClInclude Include="include\engine\RenderCommand.h">
      <Filter>ヘッダー ファイル\engine</Filter>
    </ClInclude>
    <ClInclude Include="include\engine\Renderer2D.h">
      <Filter>ヘッダー ファイル\engine</Filter>
    </ClInclude>
    <ClInclude Include="include\engine\RendererComp.h">
      <Filter>ヘッダー ファイル\engine</Filter>
    </ClInclude>
    <ClInclude Include="include\engine\RenderSystem.h">
      <Filter>ヘッダー ファイル\engine</Filter>
    </ClInclude>
    <ClInclude Include="include\engine\SceneManager.h">
      <Filter>ヘッダー ファイル\engine</Filter>
    </ClInclude>
    <ClInclude Include="include\engine\Texture2D.h">
      <Filter>ヘッダー ファイル\engine</Filter>
    </ClInclude>
    <ClInclude Include="include\engine\TextureAPI.h">
      <Filter>ヘッダー ファイル\engine</Filter>
    </ClInclude>
    <ClInclude Include="include\engine\TextureManager.h">
      <Filter>ヘッダー ファイル\engine</Filter>
    </ClInclude>
    <ClInclude Include="include\engine\TransformComp.h">
      <Filter>ヘッダー ファイル\engine</Filter>
    </ClInclude>
    <ClInclude Include="include\engine\Vec2.h">
      <Filter>ヘッダー ファイル\engine</Filter>
    </ClInclude>
    <ClInclude Include="include\editor\AddComponentCommand.h">
      <Filter>ヘッダー ファイル\editor</Filter>
    </ClInclude>
    <ClInclude Include="include\editor\CommandStack.h">
      <Filter>ヘッダー ファイル\editor</Filter>
    </ClInclude>
    <ClInclude Include="include\editor\ICommand.h">
      <Filter>ヘッダー ファイル\editor</Filter>
    </ClInclude>
    <ClInclude Include="include\editor\EditorScene.h">
      <Filter>ヘッダー ファイル\editor</Filter>
    </ClInclude>
    <ClInclude Include="include\editor\RenameEntityCommand.h">
      <Filter>ヘッダー ファイル\editor</Filter>
    </ClInclude>
    <ClInclude Include="include\editor\MoveEntityCommand.h">
      <Filter>ヘッダー ファイル\editor</Filter>
    </ClInclude>
    <ClInclude Include="third_party\imgui\imconfig.h">
      <Filter>third_party</Filter>
    </ClInclude>
    <ClInclude Include="third_party\imgui\imgui.h">
      <Filter>third_party</Filter>
    </ClInclude>
    <ClInclude Include="third_party\imgui\imgui_impl_dx11.h">
      <Filter>third_party</Filter>
    </ClInclude>
    <ClInclude Include="third_party\imgui\imgui_impl_raylib.h">
      <Filter>third_party</Filter>
    </ClInclude>
    <ClInclude Include="third_party\imgui\imgui_impl_win32.h">
      <Filter>third_party</Filter>
    </ClInclude>
    <ClInclude Include="third_party\imgui\imgui_internal.h">
      <Filter>third_party</Filter>
    </ClInclude>
    <ClInclude Include="third_party\imgui\imstb_rectpack.h">
      <Filter>third_party</Filter>
    </ClInclude>
    <ClInclude Include="third_party\imgui\imstb_textedit.h">
      <Filter>third_party</Filter>
    </ClInclude>
    <ClInclude Include="third_party\imgui\imstb_truetype.h">
      <Filter>third_party</Filter>
    </ClInclude>
  </ItemGroup>
  <ItemGroup>
    <None Include="resources\shaders\color2d.frag">
      <Filter>shaders</Filter>
    </None>
    <None Include="resources\shaders\color2d.vert">
      <Filter>shaders</Filter>
    </None>
    <None Include="resources\shaders\sprite2d.frag">
      <Filter>shaders</Filter>
    </None>
    <None Include="resources\shaders\sprite2d.vert">
      <Filter>shaders</Filter>
    </None>
  </ItemGroup>
  <ItemGroup>
    <Library Include="lib\glfw3.lib">
      <Filter>libs</Filter>
    </Library>
  </ItemGroup>
</Project>